
Microsoft Visual Studio Solution File, Format Version 12.00
# Visual Studio 2013
VisualStudioVersion = 12.0.21005.1
MinimumVisualStudioVersion = 10.0.40219.1
Project("{FAE04EC0-301F-11D3-BF4B-00C04F79EFBC}") = "MvcApplication1", "MvcApplication1\MvcApplication1.csproj", "{8CE716A0-8B76-40B5-9443-75A483FBAC98}"
EndProject
Project("{FAE04EC0-301F-11D3-BF4B-00C04F79EFBC}") = "eSaleService", "eSaleService\eSaleService.csproj", "{0027FA5C-AA2C-4056-98FC-C13CF6ACC7F2}"
EndProject
Project("{FAE04EC0-301F-11D3-BF4B-00C04F79EFBC}") = "eSaleModel", "eSaleModel\eSaleModel.csproj", "{0A807ACE-D2B0-4DBB-BD13-0BE46FCF643F}"
EndProject
Project("{FAE04EC0-301F-11D3-BF4B-00C04F79EFBC}") = "eSaleDao", "eSaleDao\eSaleDao.csproj", "{A7BF2BC4-4C8C-404E-82C2-5AEC101CE4F0}"
EndProject
Project("{FAE04EC0-301F-11D3-BF4B-00C04F79EFBC}") = "eSaleWin", "eSaleWin\eSaleWin.csproj", "{69C43A98-CC3C-4196-AD8B-9A90B66E105E}"
EndProject
Global
	GlobalSection(SolutionConfigurationPlatforms) = preSolution
		Debug|Any CPU = Debug|Any CPU
		Release|Any CPU = Release|Any CPU
	EndGlobalSection
	GlobalSection(ProjectConfigurationPlatforms) = postSolution
		{8CE716A0-8B76-40B5-9443-75A483FBAC98}.Debug|Any CPU.ActiveCfg = Debug|Any CPU
		{8CE716A0-8B76-40B5-9443-75A483FBAC98}.Debug|Any CPU.Build.0 = Debug|Any CPU
		{8CE716A0-8B76-40B5-9443-75A483FBAC98}.Release|Any CPU.ActiveCfg = Release|Any CPU
		{8CE716A0-8B76-40B5-9443-75A483FBAC98}.Release|Any CPU.Build.0 = Release|Any CPU
		{0027FA5C-AA2C-4056-98FC-C13CF6ACC7F2}.Debug|Any CPU.ActiveCfg = Debug|Any CPU
		{0027FA5C-AA2C-4056-98FC-C13CF6ACC7F2}.Debug|Any CPU.Build.0 = Debug|Any CPU
		{0027FA5C-AA2C-4056-98FC-C13CF6ACC7F2}.Release|Any CPU.ActiveCfg = Release|Any CPU
		{0027FA5C-AA2C-4056-98FC-C13CF6ACC7F2}.Release|Any CPU.Build.0 = Release|Any CPU
		{0A807ACE-D2B0-4DBB-BD13-0BE46FCF643F}.Debug|Any CPU.ActiveCfg = Debug|Any CPU
		{0A807ACE-D2B0-4DBB-BD13-0BE46FCF643F}.Debug|Any CPU.Build.0 = Debug|Any CPU
		{0A807ACE-D2B0-4DBB-BD13-0BE46FCF643F}.Release|Any CPU.ActiveCfg = Release|Any CPU
		{0A807ACE-D2B0-4DBB-BD13-0BE46FCF643F}.Release|Any CPU.Build.0 = Release|Any CPU
		{A7BF2BC4-4C8C-404E-82C2-5AEC101CE4F0}.Debug|Any CPU.ActiveCfg = Debug|Any CPU
		{A7BF2BC4-4C8C-404E-82C2-5AEC101CE4F0}.Debug|Any CPU.Build.0 = Debug|Any CPU
		{A7BF2BC4-4C8C-404E-82C2-5AEC101CE4F0}.Release|Any CPU.ActiveCfg = Release|Any CPU
		{A7BF2BC4-4C8C-404E-82C2-5AEC101CE4F0}.Release|Any CPU.Build.0 = Release|Any CPU
		{69C43A98-CC3C-4196-AD8B-9A90B66E105E}.Debug|Any CPU.ActiveCfg = Debug|Any CPU
		{69C43A98-CC3C-4196-AD8B-9A90B66E105E}.Debug|Any CPU.Build.0 = Debug|Any CPU
		{69C43A98-CC3C-4196-AD8B-9A90B66E105E}.Release|Any CPU.ActiveCfg = Release|Any CPU
		{69C43A98-CC3C-4196-AD8B-9A90B66E105E}.Release|Any CPU.Build.0 = Release|Any CPU
	EndGlobalSection
	GlobalSection(SolutionProperties) = preSolution
		HideSolutionNode = FALSE
	EndGlobalSection
EndGlobal
